
Microsoft Visual Studio Solution File, Format Version 12.00
# Visual Studio Version 17
VisualStudioVersion = 17.2.32630.192
MinimumVisualStudioVersion = 10.0.40219.1
Project("{FAE04EC0-301F-11D3-BF4B-00C04F79EFBC}") = "VsGalerie", "VsGalerie\VsGalerie.csproj", "{FD3EBB18-12AD-4F9C-BC5F-2521EE00F5EB}"
EndProject
Global
	GlobalSection(SolutionConfigurationPlatforms) = preSolution
		Debug|Any CPU = Debug|Any CPU
		Release|Any CPU = Release|Any CPU
	EndGlobalSection
	GlobalSection(ProjectConfigurationPlatforms) = postSolution
		{FD3EBB18-12AD-4F9C-BC5F-2521EE00F5EB}.Debug|Any CPU.ActiveCfg = Debug|Any CPU
		{FD3EBB18-12AD-4F9C-BC5F-2521EE00F5EB}.Debug|Any CPU.Build.0 = Debug|Any CPU
		{FD3EBB18-12AD-4F9C-BC5F-2521EE00F5EB}.Release|Any CPU.ActiveCfg = Release|Any CPU
		{FD3EBB18-12AD-4F9C-BC5F-2521EE00F5EB}.Release|Any CPU.Build.0 = Release|Any CPU
	EndGlobalSection
	GlobalSection(SolutionProperties) = preSolution
		HideSolutionNode = FALSE
	EndGlobalSection
	GlobalSection(ExtensibilityGlobals) = postSolution
		SolutionGuid = {E50EE1DD-ABFB-4C86-B2D3-55CAD728138A}
	EndGlobalSection
EndGlobal
